
Microsoft Visual Studio Solution File, Format Version 12.00
# Visual Studio Version 17
VisualStudioVersion = 17.7.34024.191
MinimumVisualStudioVersion = 10.0.40219.1
Project("{2150E333-8FDC-42A3-9474-1A3956D46DE8}") = "Task0", "Task0", "{9DB873F2-A705-41BC-9BA0-23BEB031AECB}"
EndProject
Project("{FAE04EC0-301F-11D3-BF4B-00C04F79EFBC}") = "Tyuiu.KosovAS.Sprint6.Task0.V1.Lib", "Tyuiu.KosovAS.Sprint6.Task0.V1.Lib\Tyuiu.KosovAS.Sprint6.Task0.V1.Lib.csproj", "{29392B27-7D08-4CD6-865B-83FB1BEC6B40}"
EndProject
Project("{FAE04EC0-301F-11D3-BF4B-00C04F79EFBC}") = "Tyuiu.KosovAS.Sprint6.Task0.V1.Test", "Tyuiu.KosovAS.Sprint6.Task0.V1.Test\Tyuiu.KosovAS.Sprint6.Task0.V1.Test.csproj", "{B24D13D2-CA36-4C9E-AF65-06426F95B641}"
EndProject
Project("{FAE04EC0-301F-11D3-BF4B-00C04F79EFBC}") = "Tyuiu.KosovAS.Sprint6.Task0.V1", "Tyuiu.KosovAS.Sprint6.Task0.V1\Tyuiu.KosovAS.Sprint6.Task0.V1.csproj", "{D49234EE-1F33-4F6F-B67F-669CC76F1A64}"
EndProject
Project("{2150E333-8FDC-42A3-9474-1A3956D46DE8}") = "Task1", "Task1", "{0D0BCE01-E36E-4425-8428-70B2B8BAADC5}"
EndProject
Project("{FAE04EC0-301F-11D3-BF4B-00C04F79EFBC}") = "Tyuiu.KosovAS.Sprint6.Task1.V15.Lib", "Tyuiu.KosovAS.Sprint6.Task1.V15.Lib\Tyuiu.KosovAS.Sprint6.Task1.V15.Lib.csproj", "{B7808D32-6DE2-475B-AFC4-1BB29E75A786}"
EndProject
Project("{FAE04EC0-301F-11D3-BF4B-00C04F79EFBC}") = "Tyuiu.KosovAS.Sprint6.Task1.V15.Test", "Tyuiu.KosovAS.Sprint6.Task1.V15.Test\Tyuiu.KosovAS.Sprint6.Task1.V15.Test.csproj", "{7DE4A144-AD2A-4A4C-8AE9-4359254C88BA}"
EndProject
Project("{FAE04EC0-301F-11D3-BF4B-00C04F79EFBC}") = "Tyuiu.KosovAS.Sprint6.Task1.V15", "Tyuiu.KosovAS.Sprint6.Task1.V15\Tyuiu.KosovAS.Sprint6.Task1.V15.csproj", "{A258A2C0-F4A9-4C5E-ACE0-D8047E533CA9}"
EndProject
Project("{2150E333-8FDC-42A3-9474-1A3956D46DE8}") = "Task2", "Task2", "{1F787B8E-7AF4-4535-81A1-E04ABCD77E81}"
EndProject
Project("{FAE04EC0-301F-11D3-BF4B-00C04F79EFBC}") = "Tyuiu.KosovAS.Sprint6.Task2.V4.Lib", "Tyuiu.KosovAS.Sprint6.Task2.V4.Lib\Tyuiu.KosovAS.Sprint6.Task2.V4.Lib.csproj", "{628FF871-4D8A-419F-B902-53A2E52E9BA8}"
EndProject
Project("{FAE04EC0-301F-11D3-BF4B-00C04F79EFBC}") = "Tyuiu.KosovAS.Sprint6.Task2.V4.Test", "Tyuiu.KosovAS.Sprint6.Task2.V4.Test\Tyuiu.KosovAS.Sprint6.Task2.V4.Test.csproj", "{22588DD0-6696-413E-996A-C3CECE11A2B9}"
EndProject
Project("{FAE04EC0-301F-11D3-BF4B-00C04F79EFBC}") = "Tyuiu.KosovAS.Sprint6.Task2.V4", "Tyuiu.KosovAS.Sprint6.Task2.V4\Tyuiu.KosovAS.Sprint6.Task2.V4.csproj", "{210300DC-40B2-4F86-B146-B0D5FD7F01D1}"
EndProject
Global
	GlobalSection(SolutionConfigurationPlatforms) = preSolution
		Debug|Any CPU = Debug|Any CPU
		Release|Any CPU = Release|Any CPU
	EndGlobalSection
	GlobalSection(ProjectConfigurationPlatforms) = postSolution
		{29392B27-7D08-4CD6-865B-83FB1BEC6B40}.Debug|Any CPU.ActiveCfg = Debug|Any CPU
		{29392B27-7D08-4CD6-865B-83FB1BEC6B40}.Debug|Any CPU.Build.0 = Debug|Any CPU
		{29392B27-7D08-4CD6-865B-83FB1BEC6B40}.Release|Any CPU.ActiveCfg = Release|Any CPU
		{29392B27-7D08-4CD6-865B-83FB1BEC6B40}.Release|Any CPU.Build.0 = Release|Any CPU
		{B24D13D2-CA36-4C9E-AF65-06426F95B641}.Debug|Any CPU.ActiveCfg = Debug|Any CPU
		{B24D13D2-CA36-4C9E-AF65-06426F95B641}.Debug|Any CPU.Build.0 = Debug|Any CPU
		{B24D13D2-CA36-4C9E-AF65-06426F95B641}.Release|Any CPU.ActiveCfg = Release|Any CPU
		{B24D13D2-CA36-4C9E-AF65-06426F95B641}.Release|Any CPU.Build.0 = Release|Any CPU
		{D49234EE-1F33-4F6F-B67F-669CC76F1A64}.Debug|Any CPU.ActiveCfg = Debug|Any CPU
		{D49234EE-1F33-4F6F-B67F-669CC76F1A64}.Debug|Any CPU.Build.0 = Debug|Any CPU
		{D49234EE-1F33-4F6F-B67F-669CC76F1A64}.Release|Any CPU.ActiveCfg = Release|Any CPU
		{D49234EE-1F33-4F6F-B67F-669CC76F1A64}.Release|Any CPU.Build.0 = Release|Any CPU
		{B7808D32-6DE2-475B-AFC4-1BB29E75A786}.Debug|Any CPU.ActiveCfg = Debug|Any CPU
		{B7808D32-6DE2-475B-AFC4-1BB29E75A786}.Debug|Any CPU.Build.0 = Debug|Any CPU
		{B7808D32-6DE2-475B-AFC4-1BB29E75A786}.Release|Any CPU.ActiveCfg = Release|Any CPU
		{B7808D32-6DE2-475B-AFC4-1BB29E75A786}.Release|Any CPU.Build.0 = Release|Any CPU
		{7DE4A144-AD2A-4A4C-8AE9-4359254C88BA}.Debug|Any CPU.ActiveCfg = Debug|Any CPU
		{7DE4A144-AD2A-4A4C-8AE9-4359254C88BA}.Debug|Any CPU.Build.0 = Debug|Any CPU
		{7DE4A144-AD2A-4A4C-8AE9-4359254C88BA}.Release|Any CPU.ActiveCfg = Release|Any CPU
		{7DE4A144-AD2A-4A4C-8AE9-4359254C88BA}.Release|Any CPU.Build.0 = Release|Any CPU
		{A258A2C0-F4A9-4C5E-ACE0-D8047E533CA9}.Debug|Any CPU.ActiveCfg = Debug|Any CPU
		{A258A2C0-F4A9-4C5E-ACE0-D8047E533CA9}.Debug|Any CPU.Build.0 = Debug|Any CPU
		{A258A2C0-F4A9-4C5E-ACE0-D8047E533CA9}.Release|Any CPU.ActiveCfg = Release|Any CPU
		{A258A2C0-F4A9-4C5E-ACE0-D8047E533CA9}.Release|Any CPU.Build.0 = Release|Any CPU
		{628FF871-4D8A-419F-B902-53A2E52E9BA8}.Debug|Any CPU.ActiveCfg = Debug|Any CPU
		{628FF871-4D8A-419F-B902-53A2E52E9BA8}.Debug|Any CPU.Build.0 = Debug|Any CPU
		{628FF871-4D8A-419F-B902-53A2E52E9BA8}.Release|Any CPU.ActiveCfg = Release|Any CPU
		{628FF871-4D8A-419F-B902-53A2E52E9BA8}.Release|Any CPU.Build.0 = Release|Any CPU
		{22588DD0-6696-413E-996A-C3CECE11A2B9}.Debug|Any CPU.ActiveCfg = Debug|Any CPU
		{22588DD0-6696-413E-996A-C3CECE11A2B9}.Debug|Any CPU.Build.0 = Debug|Any CPU
		{22588DD0-6696-413E-996A-C3CECE11A2B9}.Release|Any CPU.ActiveCfg = Release|Any CPU
		{22588DD0-6696-413E-996A-C3CECE11A2B9}.Release|Any CPU.Build.0 = Release|Any CPU
		{210300DC-40B2-4F86-B146-B0D5FD7F01D1}.Debug|Any CPU.ActiveCfg = Debug|Any CPU
		{210300DC-40B2-4F86-B146-B0D5FD7F01D1}.Debug|Any CPU.Build.0 = Debug|Any CPU
		{210300DC-40B2-4F86-B146-B0D5FD7F01D1}.Release|Any CPU.ActiveCfg = Release|Any CPU
		{210300DC-40B2-4F86-B146-B0D5FD7F01D1}.Release|Any CPU.Build.0 = Release|Any CPU
	EndGlobalSection
	GlobalSection(SolutionProperties) = preSolution
		HideSolutionNode = FALSE
	EndGlobalSection
	GlobalSection(NestedProjects) = preSolution
		{29392B27-7D08-4CD6-865B-83FB1BEC6B40} = {9DB873F2-A705-41BC-9BA0-23BEB031AECB}
		{B24D13D2-CA36-4C9E-AF65-06426F95B641} = {9DB873F2-A705-41BC-9BA0-23BEB031AECB}
		{D49234EE-1F33-4F6F-B67F-669CC76F1A64} = {9DB873F2-A705-41BC-9BA0-23BEB031AECB}
		{B7808D32-6DE2-475B-AFC4-1BB29E75A786} = {0D0BCE01-E36E-4425-8428-70B2B8BAADC5}
		{7DE4A144-AD2A-4A4C-8AE9-4359254C88BA} = {0D0BCE01-E36E-4425-8428-70B2B8BAADC5}
		{A258A2C0-F4A9-4C5E-ACE0-D8047E533CA9} = {0D0BCE01-E36E-4425-8428-70B2B8BAADC5}
		{628FF871-4D8A-419F-B902-53A2E52E9BA8} = {1F787B8E-7AF4-4535-81A1-E04ABCD77E81}
		{22588DD0-6696-413E-996A-C3CECE11A2B9} = {1F787B8E-7AF4-4535-81A1-E04ABCD77E81}
		{210300DC-40B2-4F86-B146-B0D5FD7F01D1} = {1F787B8E-7AF4-4535-81A1-E04ABCD77E81}
	EndGlobalSection
	GlobalSection(ExtensibilityGlobals) = postSolution
		SolutionGuid = {5FCF34A9-9E55-4493-A7C2-DE768BBAE89D}
	EndGlobalSection
EndGlobal
